{
  "nodes": {
    "nixpkgs": {
      "locked": {
        "lastModified": 1756469547,
        "narHash": "sha256-YvtD2E7MYsQ3r7K9K2G7nCslCKMPShoSEAtbjHLtH0k=",
        "owner": "NixOS",
        "repo": "nixpkgs",
        "rev": "41d292bfc37309790f70f4c120b79280ce40af16",
        "type": "github"
      },
      "original": {
        "owner": "NixOS",
        "ref": "nixos-25.05",
        "repo": "nixpkgs",
        "type": "github"
      }
    },
    "nixvirt": {
      "inputs": {
        "nixpkgs": [
          "nixpkgs"
        ]
      },
      "locked": {
        "lastModified": 1748140003,
        "narHash": "sha256-DNBZmuk1YRM2PmwbHzVdXumRjCUzQkMarg4iI/37rOQ=",
        "rev": "5dfe108fd859b122f9a96981cb6bc12297653d6c",
        "revCount": 407,
        "type": "tarball",
        "url": "https://api.flakehub.com/f/pinned/AshleyYakeley/NixVirt/0.6.0/0197059a-e45f-7446-86b5-411ccc894ab0/source.tar.gz?rev=5dfe108fd859b122f9a96981cb6bc12297653d6c&revCount=407"
      },
      "original": {
        "type": "tarball",
        "url": "https://flakehub.com/f/AshleyYakeley/NixVirt/%2A.tar.gz"
      }
    },
    "root": {
      "inputs": {
        "nixpkgs": "nixpkgs",
        "nixvirt": "nixvirt"
      }
    }
  },
  "root": "root",
  "version": 7
}
